{
    "requires": true,
    "lockfileVersion": 1,
    "dependencies": {
        "@ecl/ec-preset-website": {
            "version": "2.38.0",
            "resolved": "https://registry.npmjs.org/@ecl/ec-preset-website/-/ec-preset-website-2.38.0.tgz",
            "integrity": "sha512-TaBwhhASLxzoHtPzYvXR4Xt/YuxnPAIkGXicWqnDOdK34LZiLtqGOw2x2lsR4B6Io0y4EiarP9ipS+iUD+hKLA=="
        }
    }
}
